<?xml version="1.0" encoding="utf-8"?>
<Project ToolsVersion="4.0" xmlns="http://schemas.microsoft.com/developer/msbuild/2003">
  <ItemGroup>
    <Filter Include="源文件">
      <UniqueIdentifier>{655d4c78-0362-44d5-a6fd-ab3d5a126373}</UniqueIdentifier>
      <Extensions>cpp;c;cc;cxx;def;odl;idl;hpj;bat;asm;asmx</Extensions>
    </Filter>
    <Filter Include="头文件">
      <UniqueIdentifier>{c69b41cc-174a-4367-a7a4-89be7c2eccd0}</UniqueIdentifier>
      <Extensions>h;hpp;hxx;hm;inl;inc;xsd</Extensions>
    </Filter>
    <Filter Include="资源文件">
      <UniqueIdentifier>{67a13813-842e-408b-89a2-afde0ec54c87}</UniqueIdentifier>
      <Extensions>rc;ico;cur;bmp;dlg;rc2;rct;bin;rgs;gif;jpg;jpeg;jpe;resx;tiff;tif;png;wav;mfcribbon-ms</Extensions>
    </Filter>
  </ItemGroup>
  <ItemGroup>
    <None Include="readme.txt" />
    <None Include="sample.txt" />
    <None Include="OtpCheck.def">
      <Filter>源文件</Filter>
    </None>
    <None Include="res\OtpCheck.rc2">
      <Filter>资源文件</Filter>
    </None>
    <None Include="ClassDiagram1.cd" />
  </ItemGroup>
  <ItemGroup>
    <ClInclude Include="OtpCheck_Inspection.h">
      <Filter>头文件</Filter>
    </ClInclude>
    <ClInclude Include="OptionDlg.h">
      <Filter>头文件</Filter>
    </ClInclude>
    <ClInclude Include="resource.h">
      <Filter>头文件</Filter>
    </ClInclude>
    <ClInclude Include="stdafx.h">
      <Filter>头文件</Filter>
    </ClInclude>
    <ClInclude Include="targetver.h">
      <Filter>头文件</Filter>
    </ClInclude>
    <ClInclude Include="OtpCheck.h">
      <Filter>头文件</Filter>
    </ClInclude>
    <ClInclude Include="OtpCheck_TKU8341M.h">
      <Filter>头文件</Filter>
    </ClInclude>
    <ClInclude Include="OtpCheck_THY8348M.h">
      <Filter>头文件</Filter>
    </ClInclude>
    <ClInclude Include="OtpCheckBase.h">
      <Filter>头文件</Filter>
    </ClInclude>
    <ClInclude Include="OtpCheck_EYD2467M.h">
      <Filter>头文件</Filter>
    </ClInclude>
    <ClInclude Include="OtpCheck_TYD8470M.h">
      <Filter>头文件</Filter>
    </ClInclude>
    <ClInclude Include="OtpCheck_HLT6014.h">
      <Filter>头文件</Filter>
    </ClInclude>
    <ClInclude Include="OtpCheck_FHB6551M.h">
      <Filter>头文件</Filter>
    </ClInclude>
    <ClInclude Include="OtpCheck_PLQ8579M.h">
      <Filter>头文件</Filter>
    </ClInclude>
    <ClInclude Include="OtpCheck_TRJ8495.h">
      <Filter>头文件</Filter>
    </ClInclude>
  </ItemGroup>
  <ItemGroup>
    <ClCompile Include="OtpCheck_Inspection.cpp">
      <Filter>源文件</Filter>
    </ClCompile>
    <ClCompile Include="OptionDlg.cpp">
      <Filter>源文件</Filter>
    </ClCompile>
    <ClCompile Include="stdafx.cpp">
      <Filter>源文件</Filter>
    </ClCompile>
    <ClCompile Include="OtpCheck.cpp">
      <Filter>源文件</Filter>
    </ClCompile>
    <ClCompile Include="OtpCheck_TKU8341M.cpp">
      <Filter>源文件</Filter>
    </ClCompile>
    <ClCompile Include="OtpCheck_THY8348M.cpp">
      <Filter>源文件</Filter>
    </ClCompile>
    <ClCompile Include="OtpCheckBase.cpp">
      <Filter>源文件</Filter>
    </ClCompile>
    <ClCompile Include="OtpCheck_EYD2467M.cpp">
      <Filter>源文件</Filter>
    </ClCompile>
    <ClCompile Include="OtpCheck_TYD8470M.cpp">
      <Filter>源文件</Filter>
    </ClCompile>
    <ClCompile Include="OtpCheck_HLT6014.cpp">
      <Filter>源文件</Filter>
    </ClCompile>
    <ClCompile Include="OtpCheck_FHB6551M.cpp">
      <Filter>源文件</Filter>
    </ClCompile>
    <ClCompile Include="OtpCheck_PLQ8579M.cpp">
      <Filter>源文件</Filter>
    </ClCompile>
    <ClCompile Include="OtpCheck_TRJ8495M.cpp">
      <Filter>源文件</Filter>
    </ClCompile>
  </ItemGroup>
  <ItemGroup>
    <ResourceCompile Include="OtpCheck.rc">
      <Filter>资源文件</Filter>
    </ResourceCompile>
  </ItemGroup>
</Project>