<?xml version="1.0" encoding="utf-8"?>
<Project ToolsVersion="4.0" xmlns="http://schemas.microsoft.com/developer/msbuild/2003">
  <ItemGroup>
    <Filter Include="源文件">
      <UniqueIdentifier>{655d4c78-0362-44d5-a6fd-ab3d5a126373}</UniqueIdentifier>
      <Extensions>cpp;c;cc;cxx;def;odl;idl;hpj;bat;asm;asmx</Extensions>
    </Filter>
    <Filter Include="头文件">
      <UniqueIdentifier>{c69b41cc-174a-4367-a7a4-89be7c2eccd0}</UniqueIdentifier>
      <Extensions>h;hpp;hxx;hm;inl;inc;xsd</Extensions>
    </Filter>
    <Filter Include="资源文件">
      <UniqueIdentifier>{67a13813-842e-408b-89a2-afde0ec54c87}</UniqueIdentifier>
      <Extensions>rc;ico;cur;bmp;dlg;rc2;rct;bin;rgs;gif;jpg;jpeg;jpe;resx;tiff;tif;png;wav;mfcribbon-ms</Extensions>
    </Filter>
    <Filter Include="Project">
      <UniqueIdentifier>{2366f54a-feb9-4219-92ae-da72ce5b78cb}</UniqueIdentifier>
    </Filter>
    <Filter Include="Project\TKU8615_Hi1332">
      <UniqueIdentifier>{597c499c-8dbc-41e4-b927-fefb839a6c68}</UniqueIdentifier>
    </Filter>
    <Filter Include="Project\TRJ8564_S5K3L8">
      <UniqueIdentifier>{c2d7e452-bb12-4ebb-b00f-134505f60dc1}</UniqueIdentifier>
    </Filter>
    <Filter Include="Project\HLT7038">
      <UniqueIdentifier>{1aa284e2-4819-4510-a5fb-e8c1e224062f}</UniqueIdentifier>
    </Filter>
    <Filter Include="Project\HLT7178">
      <UniqueIdentifier>{101a634a-6ab7-419b-b0b1-ec88413194e8}</UniqueIdentifier>
    </Filter>
    <Filter Include="Project\HLT7215">
      <UniqueIdentifier>{269f11a5-79af-49ea-aeb9-7bcfb8668032}</UniqueIdentifier>
    </Filter>
    <Filter Include="Project\TYD8592M">
      <UniqueIdentifier>{4f6a8569-f637-4c4f-a9d9-1315aefdba2d}</UniqueIdentifier>
    </Filter>
    <Filter Include="Project\TYD8583_Hi1332">
      <UniqueIdentifier>{bc277aa9-ad0c-41bf-a25f-430e30759224}</UniqueIdentifier>
    </Filter>
    <Filter Include="Project\HLT7014">
      <UniqueIdentifier>{d8a1196d-59aa-4424-a6fe-e132faa33195}</UniqueIdentifier>
    </Filter>
    <Filter Include="Project\FYD8853M_OV16880">
      <UniqueIdentifier>{ef884040-e632-46e1-b91d-738086a09d92}</UniqueIdentifier>
    </Filter>
    <Filter Include="Project\CMK8440_OV8856">
      <UniqueIdentifier>{5d3fd790-2f56-4372-8fb8-878b743266da}</UniqueIdentifier>
    </Filter>
    <Filter Include="Project\SAA3_0L2K">
      <UniqueIdentifier>{a5646c96-024c-4e83-95e4-e34902848cc7}</UniqueIdentifier>
    </Filter>
    <Filter Include="Project\CB801C">
      <UniqueIdentifier>{be92cfa1-4d9a-42de-a887-98d979c4dcbe}</UniqueIdentifier>
    </Filter>
  </ItemGroup>
  <ItemGroup>
    <None Include="readme.txt" />
    <None Include="sample.txt" />
    <None Include="OtpCheck.def">
      <Filter>源文件</Filter>
    </None>
    <None Include="res\OtpCheck.rc2">
      <Filter>资源文件</Filter>
    </None>
    <None Include="ClassDiagram1.cd" />
  </ItemGroup>
  <ItemGroup>
    <ClInclude Include="OtpCheck_Inspection.h">
      <Filter>头文件</Filter>
    </ClInclude>
    <ClInclude Include="OptionDlg.h">
      <Filter>头文件</Filter>
    </ClInclude>
    <ClInclude Include="resource.h">
      <Filter>头文件</Filter>
    </ClInclude>
    <ClInclude Include="stdafx.h">
      <Filter>头文件</Filter>
    </ClInclude>
    <ClInclude Include="targetver.h">
      <Filter>头文件</Filter>
    </ClInclude>
    <ClInclude Include="OtpCheck.h">
      <Filter>头文件</Filter>
    </ClInclude>
    <ClInclude Include="OtpCheckBase.h">
      <Filter>头文件</Filter>
    </ClInclude>
    <ClInclude Include="OtpCheckDef.h">
      <Filter>头文件</Filter>
    </ClInclude>
    <ClInclude Include="OtpCheck_TKU8615M.h">
      <Filter>Project\TKU8615_Hi1332</Filter>
    </ClInclude>
    <ClInclude Include="OtpCheck_TRJ8564.h">
      <Filter>Project\TRJ8564_S5K3L8</Filter>
    </ClInclude>
    <ClInclude Include="OtpCheck_HLT7038.h">
      <Filter>Project\HLT7038</Filter>
    </ClInclude>
    <ClInclude Include="OtpCheck_HLT7178.h">
      <Filter>Project\HLT7178</Filter>
    </ClInclude>
    <ClInclude Include="OtpCheck_HLT7215.h">
      <Filter>Project\HLT7215</Filter>
    </ClInclude>
    <ClInclude Include="OtpCheck_TYD8592M.h">
      <Filter>Project\TYD8592M</Filter>
    </ClInclude>
    <ClInclude Include="OtpCheck_TYD8583M.h">
      <Filter>Project\TYD8583_Hi1332</Filter>
    </ClInclude>
    <ClInclude Include="OtpCheck_HLT7014.h">
      <Filter>Project\HLT7014</Filter>
    </ClInclude>
    <ClInclude Include="OtpCheck_FYD8853M.h">
      <Filter>Project\FYD8853M_OV16880</Filter>
    </ClInclude>
    <ClInclude Include="OtpCheck_CMK8440.h">
      <Filter>Project\CMK8440_OV8856</Filter>
    </ClInclude>
    <ClInclude Include="OtpCheck_SAA30L2K.h">
      <Filter>Project\SAA3_0L2K</Filter>
    </ClInclude>
    <ClInclude Include="OtpCheck_CB801C.h">
      <Filter>Project\CB801C</Filter>
    </ClInclude>
  </ItemGroup>
  <ItemGroup>
    <ClCompile Include="OtpCheck_Inspection.cpp">
      <Filter>源文件</Filter>
    </ClCompile>
    <ClCompile Include="OptionDlg.cpp">
      <Filter>源文件</Filter>
    </ClCompile>
    <ClCompile Include="stdafx.cpp">
      <Filter>源文件</Filter>
    </ClCompile>
    <ClCompile Include="OtpCheck.cpp">
      <Filter>源文件</Filter>
    </ClCompile>
    <ClCompile Include="OtpCheckBase.cpp">
      <Filter>源文件</Filter>
    </ClCompile>
    <ClCompile Include="OtpCheck_TKU8615M.cpp">
      <Filter>Project\TKU8615_Hi1332</Filter>
    </ClCompile>
    <ClCompile Include="OtpCheck_TRJ8564.cpp">
      <Filter>Project\TRJ8564_S5K3L8</Filter>
    </ClCompile>
    <ClCompile Include="OtpCheck_HLT7038.cpp">
      <Filter>Project\HLT7038</Filter>
    </ClCompile>
    <ClCompile Include="OtpCheck_HLT7178.cpp">
      <Filter>Project\HLT7178</Filter>
    </ClCompile>
    <ClCompile Include="OtpCheck_HLT7215.cpp">
      <Filter>Project\HLT7215</Filter>
    </ClCompile>
    <ClCompile Include="OtpCheck_TYD8592M.cpp">
      <Filter>Project\TYD8592M</Filter>
    </ClCompile>
    <ClCompile Include="OtpCheck_TYD8583M.cpp">
      <Filter>Project\TYD8583_Hi1332</Filter>
    </ClCompile>
    <ClCompile Include="OtpCheck_HLT7014.cpp">
      <Filter>Project\HLT7014</Filter>
    </ClCompile>
    <ClCompile Include="OtpCheck_FYD8853M.cpp">
      <Filter>Project\FYD8853M_OV16880</Filter>
    </ClCompile>
    <ClCompile Include="OtpCheck_CMK8440.cpp">
      <Filter>Project\CMK8440_OV8856</Filter>
    </ClCompile>
    <ClCompile Include="OtpCheck_SAA30L2K.cpp">
      <Filter>Project\SAA3_0L2K</Filter>
    </ClCompile>
    <ClCompile Include="OtpCheck_CB801C.cpp">
      <Filter>Project\CB801C</Filter>
    </ClCompile>
  </ItemGroup>
  <ItemGroup>
    <ResourceCompile Include="OtpCheck.rc">
      <Filter>资源文件</Filter>
    </ResourceCompile>
  </ItemGroup>
</Project>