<?xml version="1.0" encoding="utf-8"?>
<Project ToolsVersion="4.0" xmlns="http://schemas.microsoft.com/developer/msbuild/2003">
  <ItemGroup>
    <Filter Include="源文件">
      <UniqueIdentifier>{a1f542ec-5496-48fa-993d-1aa068a5a2b2}</UniqueIdentifier>
      <Extensions>cpp;c;cc;cxx;def;odl;idl;hpj;bat;asm;asmx</Extensions>
    </Filter>
    <Filter Include="资源文件">
      <UniqueIdentifier>{e986a874-84be-45fa-b90f-34b21d6dccd5}</UniqueIdentifier>
      <Extensions>rc;ico;cur;bmp;dlg;rc2;rct;bin;rgs;gif;jpg;jpeg;jpe;resx;tiff;tif;png;wav;mfcribbon-ms</Extensions>
    </Filter>
    <Filter Include="头文件">
      <UniqueIdentifier>{1a855c0b-ff78-4119-86a9-a2b2ee404f63}</UniqueIdentifier>
      <Extensions>h;hpp;hxx;hm;inl;inc;xsd</Extensions>
    </Filter>
    <Filter Include="Project">
      <UniqueIdentifier>{bc9d2e4e-8462-4c66-91a3-3d10129c567b}</UniqueIdentifier>
    </Filter>
    <Filter Include="Project\FHB6551M_S5K3P3">
      <UniqueIdentifier>{1ac2e413-36c2-4e2b-b8fa-a43dc32a8fe9}</UniqueIdentifier>
    </Filter>
    <Filter Include="Project\PLQ8579M_S5K5E8">
      <UniqueIdentifier>{9f1a2de3-5415-40d5-9ed1-907a5946df2f}</UniqueIdentifier>
    </Filter>
    <Filter Include="Project\TRJ8564M_S5K3L8">
      <UniqueIdentifier>{d3cbab1e-fb0f-41fe-a5ae-cabf25fc2782}</UniqueIdentifier>
    </Filter>
    <Filter Include="Project\HLTE1_S5K4H8">
      <UniqueIdentifier>{fee673a8-ef13-457a-81b5-a098542674a1}</UniqueIdentifier>
    </Filter>
    <Filter Include="Project\HLT7017_S5K3L8">
      <UniqueIdentifier>{ee8ec44e-0aa0-4020-a1fb-544ee15e98bd}</UniqueIdentifier>
    </Filter>
    <Filter Include="Project\TYD8583M_Hi1332">
      <UniqueIdentifier>{dcdfea78-e0f6-4aff-ae8d-4f3fed7d13de}</UniqueIdentifier>
    </Filter>
    <Filter Include="Project\HLT7012_S5K3L8">
      <UniqueIdentifier>{4d359677-d297-4fc1-b19e-4c8d3e77c101}</UniqueIdentifier>
    </Filter>
    <Filter Include="Project\HLT7014_S5K3L8">
      <UniqueIdentifier>{274fcc3f-7b08-47b5-aa98-f55795f5e63f}</UniqueIdentifier>
    </Filter>
    <Filter Include="Project\HLT7109_OV13855_MTK">
      <UniqueIdentifier>{a65af1a0-9a71-423c-9a87-6c5ed4473fb4}</UniqueIdentifier>
    </Filter>
    <Filter Include="Project\TYD8635M_OV13855_MTK">
      <UniqueIdentifier>{effb4d70-b50c-4b31-9527-3403ac66afe1}</UniqueIdentifier>
    </Filter>
    <Filter Include="Project\HLT7025_S5K3L8_MTK">
      <UniqueIdentifier>{cd10cea5-7086-4892-a97a-2d87bde35dc6}</UniqueIdentifier>
    </Filter>
    <Filter Include="Project\SAA3_0L2K_S5K3L8XXM3_Qual">
      <UniqueIdentifier>{45396da8-97f4-4e5f-99cf-95584f990f58}</UniqueIdentifier>
    </Filter>
  </ItemGroup>
  <ItemGroup>
    <None Include="readme.txt" />
    <None Include="sample.txt" />
    <None Include="OTP.def">
      <Filter>源文件</Filter>
    </None>
    <None Include="res\OTP.rc2">
      <Filter>资源文件</Filter>
    </None>
  </ItemGroup>
  <ItemGroup>
    <ClInclude Include="OTP_Inspection.h">
      <Filter>头文件</Filter>
    </ClInclude>
    <ClInclude Include="OptionDlg.h">
      <Filter>头文件</Filter>
    </ClInclude>
    <ClInclude Include="resource.h">
      <Filter>头文件</Filter>
    </ClInclude>
    <ClInclude Include="stdafx.h">
      <Filter>头文件</Filter>
    </ClInclude>
    <ClInclude Include="OTP.h">
      <Filter>头文件</Filter>
    </ClInclude>
    <ClInclude Include="CTimeCount.h">
      <Filter>头文件</Filter>
    </ClInclude>
    <ClInclude Include="OtpBase.h">
      <Filter>头文件</Filter>
    </ClInclude>
    <ClInclude Include="OtpDef.h">
      <Filter>头文件</Filter>
    </ClInclude>
    <ClInclude Include="targetver.h">
      <Filter>头文件</Filter>
    </ClInclude>
    <ClInclude Include="Project\FHB6551M_S5K3P3\Otp_FHB6551M.h">
      <Filter>Project\FHB6551M_S5K3P3</Filter>
    </ClInclude>
    <ClInclude Include="Project\FHB6551M_S5K3P3\OtpDefine_FHB6551M.h">
      <Filter>Project\FHB6551M_S5K3P3</Filter>
    </ClInclude>
    <ClInclude Include="Project\PLQ8579M_S5K5E8\Otp_PLQ8579M.h">
      <Filter>Project\PLQ8579M_S5K5E8</Filter>
    </ClInclude>
    <ClInclude Include="Project\PLQ8579M_S5K5E8\OtpDefine_PLQ8579M.h">
      <Filter>Project\PLQ8579M_S5K5E8</Filter>
    </ClInclude>
    <ClInclude Include="Project\TRJ8654M_S5K3L8\Otp_TRJ8564.h">
      <Filter>Project\TRJ8564M_S5K3L8</Filter>
    </ClInclude>
    <ClInclude Include="Project\TRJ8654M_S5K3L8\OtpDefine_TRJ8564M.h">
      <Filter>Project\TRJ8564M_S5K3L8</Filter>
    </ClInclude>
    <ClInclude Include="Project\HLTE1_S5K4H8\Otp_HLTE1M.h">
      <Filter>Project\HLTE1_S5K4H8</Filter>
    </ClInclude>
    <ClInclude Include="Project\HLTE1_S5K4H8\OtpDefine_HLTE1M.h">
      <Filter>Project\HLTE1_S5K4H8</Filter>
    </ClInclude>
    <ClInclude Include="Project\HLT7017_S5K3L8\Otp_HLT7017.h">
      <Filter>Project\HLT7017_S5K3L8</Filter>
    </ClInclude>
    <ClInclude Include="Project\HLT7017_S5K3L8\OtpDefine_HLT7017.h">
      <Filter>Project\HLT7017_S5K3L8</Filter>
    </ClInclude>
    <ClInclude Include="Project\TYD8635M_OV13855\Otp_TYD8635M.h">
      <Filter>Project\TYD8635M_OV13855_MTK</Filter>
    </ClInclude>
    <ClInclude Include="Project\TYD8635M_OV13855\OtpDefine_TYD8635M.h">
      <Filter>Project\TYD8635M_OV13855_MTK</Filter>
    </ClInclude>
    <ClInclude Include="Project\TYD8583M_Hi1332\Otp_TYD8583M.h">
      <Filter>Project\TYD8583M_Hi1332</Filter>
    </ClInclude>
    <ClInclude Include="Project\TYD8583M_Hi1332\OtpDefine_TYD8583M.h">
      <Filter>Project\TYD8583M_Hi1332</Filter>
    </ClInclude>
    <ClInclude Include="Project\HLT7012_S5K3L8\Otp_HLT7012.h">
      <Filter>Project\HLT7012_S5K3L8</Filter>
    </ClInclude>
    <ClInclude Include="Project\HLT7012_S5K3L8\OtpDefine_HLT7012.h">
      <Filter>Project\HLT7012_S5K3L8</Filter>
    </ClInclude>
    <ClInclude Include="Project\HLT7014_S5K3L8\Otp_HLT7014.h">
      <Filter>Project\HLT7014_S5K3L8</Filter>
    </ClInclude>
    <ClInclude Include="Project\HLT7014_S5K3L8\OtpDefine_HLT7014.h">
      <Filter>Project\HLT7014_S5K3L8</Filter>
    </ClInclude>
    <ClInclude Include="Project\HLT7109_OV13855\Otp_HLT7109.h">
      <Filter>Project\HLT7109_OV13855_MTK</Filter>
    </ClInclude>
    <ClInclude Include="Project\HLT7109_OV13855\OtpDefine_HLT7109.h">
      <Filter>Project\HLT7109_OV13855_MTK</Filter>
    </ClInclude>
    <ClInclude Include="ShadingCalc.h">
      <Filter>头文件</Filter>
    </ClInclude>
    <ClInclude Include="Project\HLT7025_S5K3L8_MTK_NOPD\Otp_HLT7025.h">
      <Filter>Project\HLT7025_S5K3L8_MTK</Filter>
    </ClInclude>
    <ClInclude Include="Project\HLT7025_S5K3L8_MTK_NOPD\OtpDefine_HLT7025.h">
      <Filter>Project\HLT7025_S5K3L8_MTK</Filter>
    </ClInclude>
    <ClInclude Include="Project\SAA3_0L2K_S5K3L8XXM3_Qual\Otp_SAA3_0L2K.h">
      <Filter>Project\SAA3_0L2K_S5K3L8XXM3_Qual</Filter>
    </ClInclude>
    <ClInclude Include="Project\SAA3_0L2K_S5K3L8XXM3_Qual\OtpDefine_SAA3_0L2K.h">
      <Filter>Project\SAA3_0L2K_S5K3L8XXM3_Qual</Filter>
    </ClInclude>
  </ItemGroup>
  <ItemGroup>
    <ClCompile Include="OTP_Inspection.cpp">
      <Filter>源文件</Filter>
    </ClCompile>
    <ClCompile Include="OptionDlg.cpp">
      <Filter>源文件</Filter>
    </ClCompile>
    <ClCompile Include="stdafx.cpp">
      <Filter>源文件</Filter>
    </ClCompile>
    <ClCompile Include="OTP.cpp">
      <Filter>源文件</Filter>
    </ClCompile>
    <ClCompile Include="CTimeCount.cpp">
      <Filter>源文件</Filter>
    </ClCompile>
    <ClCompile Include="ShadingCalc.cpp">
      <Filter>源文件</Filter>
    </ClCompile>
    <ClCompile Include="OtpBase.cpp">
      <Filter>源文件</Filter>
    </ClCompile>
    <ClCompile Include="Project\FHB6551M_S5K3P3\Otp_FHB6551M.cpp">
      <Filter>Project\FHB6551M_S5K3P3</Filter>
    </ClCompile>
    <ClCompile Include="Project\PLQ8579M_S5K5E8\Otp_PLQ8579M.cpp">
      <Filter>Project\PLQ8579M_S5K5E8</Filter>
    </ClCompile>
    <ClCompile Include="Project\TRJ8654M_S5K3L8\Otp_TRJ8564.cpp">
      <Filter>Project\TRJ8564M_S5K3L8</Filter>
    </ClCompile>
    <ClCompile Include="Project\HLTE1_S5K4H8\Otp_HLTE1M.cpp">
      <Filter>Project\HLTE1_S5K4H8</Filter>
    </ClCompile>
    <ClCompile Include="Project\HLT7017_S5K3L8\Otp_HLT7017.cpp">
      <Filter>Project\HLT7017_S5K3L8</Filter>
    </ClCompile>
    <ClCompile Include="Project\TYD8635M_OV13855\Otp_TYD8635M.cpp">
      <Filter>Project\TYD8635M_OV13855_MTK</Filter>
    </ClCompile>
    <ClCompile Include="Project\TYD8583M_Hi1332\Otp_TYD8583M.cpp">
      <Filter>Project\TYD8583M_Hi1332</Filter>
    </ClCompile>
    <ClCompile Include="Project\HLT7012_S5K3L8\Otp_HLT7012.cpp">
      <Filter>Project\HLT7012_S5K3L8</Filter>
    </ClCompile>
    <ClCompile Include="Project\HLT7014_S5K3L8\Otp_HLT7014.cpp">
      <Filter>Project\HLT7014_S5K3L8</Filter>
    </ClCompile>
    <ClCompile Include="Project\HLT7109_OV13855\Otp_HLT7109.cpp">
      <Filter>Project\HLT7109_OV13855_MTK</Filter>
    </ClCompile>
    <ClCompile Include="Project\HLT7025_S5K3L8_MTK_NOPD\Otp_HLT7025.cpp">
      <Filter>Project\HLT7025_S5K3L8_MTK</Filter>
    </ClCompile>
    <ClCompile Include="Project\SAA3_0L2K_S5K3L8XXM3_Qual\Otp_SAA3_0L2K.cpp">
      <Filter>Project\SAA3_0L2K_S5K3L8XXM3_Qual</Filter>
    </ClCompile>
  </ItemGroup>
  <ItemGroup>
    <ResourceCompile Include="OTP.rc">
      <Filter>资源文件</Filter>
    </ResourceCompile>
  </ItemGroup>
</Project>